
Microsoft Visual Studio Solution File, Format Version 12.00
# Visual Studio Version 17
VisualStudioVersion = 17.6.33815.320
MinimumVisualStudioVersion = 10.0.40219.1
Project("{FAE04EC0-301F-11D3-BF4B-00C04F79EFBC}") = "UWP", "UWP\UWP.csproj", "{A77452EC-B15E-4CE7-8897-57DDE92B4DC1}"
EndProject
Project("{2150E333-8FDC-42A3-9474-1A3956D46DE8}") = "1 - View", "1 - View", "{3EC4E30E-CD79-4DB7-905D-04E155CB0491}"
EndProject
Project("{2150E333-8FDC-42A3-9474-1A3956D46DE8}") = "2 - Domain", "2 - Domain", "{E9741A6B-71E6-4EF7-A1CB-32FB848A7341}"
EndProject
Project("{2150E333-8FDC-42A3-9474-1A3956D46DE8}") = "3 - Data", "3 - Data", "{A8D1E454-A32F-4A84-9143-47F93CEFA9CB}"
EndProject
Project("{2150E333-8FDC-42A3-9474-1A3956D46DE8}") = "4 - Tests", "4 - Tests", "{E7DDF728-9BEB-4CE1-90B5-FF3B611C94F5}"
EndProject
Global
	GlobalSection(SolutionConfigurationPlatforms) = preSolution
		Debug|ARM = Debug|ARM
		Debug|ARM64 = Debug|ARM64
		Debug|x64 = Debug|x64
		Debug|x86 = Debug|x86
		Release|ARM = Release|ARM
		Release|ARM64 = Release|ARM64
		Release|x64 = Release|x64
		Release|x86 = Release|x86
	EndGlobalSection
	GlobalSection(ProjectConfigurationPlatforms) = postSolution
		{A77452EC-B15E-4CE7-8897-57DDE92B4DC1}.Debug|ARM.ActiveCfg = Debug|ARM
		{A77452EC-B15E-4CE7-8897-57DDE92B4DC1}.Debug|ARM.Build.0 = Debug|ARM
		{A77452EC-B15E-4CE7-8897-57DDE92B4DC1}.Debug|ARM.Deploy.0 = Debug|ARM
		{A77452EC-B15E-4CE7-8897-57DDE92B4DC1}.Debug|ARM64.ActiveCfg = Debug|ARM64
		{A77452EC-B15E-4CE7-8897-57DDE92B4DC1}.Debug|ARM64.Build.0 = Debug|ARM64
		{A77452EC-B15E-4CE7-8897-57DDE92B4DC1}.Debug|ARM64.Deploy.0 = Debug|ARM64
		{A77452EC-B15E-4CE7-8897-57DDE92B4DC1}.Debug|x64.ActiveCfg = Debug|x64
		{A77452EC-B15E-4CE7-8897-57DDE92B4DC1}.Debug|x64.Build.0 = Debug|x64
		{A77452EC-B15E-4CE7-8897-57DDE92B4DC1}.Debug|x64.Deploy.0 = Debug|x64
		{A77452EC-B15E-4CE7-8897-57DDE92B4DC1}.Debug|x86.ActiveCfg = Debug|x86
		{A77452EC-B15E-4CE7-8897-57DDE92B4DC1}.Debug|x86.Build.0 = Debug|x86
		{A77452EC-B15E-4CE7-8897-57DDE92B4DC1}.Debug|x86.Deploy.0 = Debug|x86
		{A77452EC-B15E-4CE7-8897-57DDE92B4DC1}.Release|ARM.ActiveCfg = Release|ARM
		{A77452EC-B15E-4CE7-8897-57DDE92B4DC1}.Release|ARM.Build.0 = Release|ARM
		{A77452EC-B15E-4CE7-8897-57DDE92B4DC1}.Release|ARM.Deploy.0 = Release|ARM
		{A77452EC-B15E-4CE7-8897-57DDE92B4DC1}.Release|ARM64.ActiveCfg = Release|ARM64
		{A77452EC-B15E-4CE7-8897-57DDE92B4DC1}.Release|ARM64.Build.0 = Release|ARM64
		{A77452EC-B15E-4CE7-8897-57DDE92B4DC1}.Release|ARM64.Deploy.0 = Release|ARM64
		{A77452EC-B15E-4CE7-8897-57DDE92B4DC1}.Release|x64.ActiveCfg = Release|x64
		{A77452EC-B15E-4CE7-8897-57DDE92B4DC1}.Release|x64.Build.0 = Release|x64
		{A77452EC-B15E-4CE7-8897-57DDE92B4DC1}.Release|x64.Deploy.0 = Release|x64
		{A77452EC-B15E-4CE7-8897-57DDE92B4DC1}.Release|x86.ActiveCfg = Release|x86
		{A77452EC-B15E-4CE7-8897-57DDE92B4DC1}.Release|x86.Build.0 = Release|x86
		{A77452EC-B15E-4CE7-8897-57DDE92B4DC1}.Release|x86.Deploy.0 = Release|x86
	EndGlobalSection
	GlobalSection(SolutionProperties) = preSolution
		HideSolutionNode = FALSE
	EndGlobalSection
	GlobalSection(NestedProjects) = preSolution
		{A77452EC-B15E-4CE7-8897-57DDE92B4DC1} = {3EC4E30E-CD79-4DB7-905D-04E155CB0491}
	EndGlobalSection
	GlobalSection(ExtensibilityGlobals) = postSolution
		SolutionGuid = {39E9BF28-3F25-4217-9091-F96D9FF46CB6}
	EndGlobalSection
EndGlobal
